
Microsoft Visual Studio Solution File, Format Version 12.00
# Visual Studio Version 16
VisualStudioVersion = 16.0.30907.101
MinimumVisualStudioVersion = 10.0.40219.1
Project("{9A19103F-16F7-4668-BE54-9A1E7A4F7556}") = "WebAPI", "WebAPI\WebAPI.csproj", "{3400A286-9FA9-498D-B11D-0B679918719C}"
EndProject
Project("{FAE04EC0-301F-11D3-BF4B-00C04F79EFBC}") = "Core", "Core\Core.csproj", "{5EA97566-6B1D-4D6F-A6CD-55DBCC13B5D5}"
EndProject
Project("{FAE04EC0-301F-11D3-BF4B-00C04F79EFBC}") = "Infrastructure", "Infrastructure\Infrastructure.csproj", "{72DD0A5D-AE3D-477D-B7E5-45861EE1F144}"
EndProject
Global
	GlobalSection(SolutionConfigurationPlatforms) = preSolution
		Debug|Any CPU = Debug|Any CPU
		Release|Any CPU = Release|Any CPU
	EndGlobalSection
	GlobalSection(ProjectConfigurationPlatforms) = postSolution
		{3400A286-9FA9-498D-B11D-0B679918719C}.Debug|Any CPU.ActiveCfg = Debug|Any CPU
		{3400A286-9FA9-498D-B11D-0B679918719C}.Debug|Any CPU.Build.0 = Debug|Any CPU
		{3400A286-9FA9-498D-B11D-0B679918719C}.Release|Any CPU.ActiveCfg = Release|Any CPU
		{3400A286-9FA9-498D-B11D-0B679918719C}.Release|Any CPU.Build.0 = Release|Any CPU
		{5EA97566-6B1D-4D6F-A6CD-55DBCC13B5D5}.Debug|Any CPU.ActiveCfg = Debug|Any CPU
		{5EA97566-6B1D-4D6F-A6CD-55DBCC13B5D5}.Debug|Any CPU.Build.0 = Debug|Any CPU
		{5EA97566-6B1D-4D6F-A6CD-55DBCC13B5D5}.Release|Any CPU.ActiveCfg = Release|Any CPU
		{5EA97566-6B1D-4D6F-A6CD-55DBCC13B5D5}.Release|Any CPU.Build.0 = Release|Any CPU
		{72DD0A5D-AE3D-477D-B7E5-45861EE1F144}.Debug|Any CPU.ActiveCfg = Debug|Any CPU
		{72DD0A5D-AE3D-477D-B7E5-45861EE1F144}.Debug|Any CPU.Build.0 = Debug|Any CPU
		{72DD0A5D-AE3D-477D-B7E5-45861EE1F144}.Release|Any CPU.ActiveCfg = Release|Any CPU
		{72DD0A5D-AE3D-477D-B7E5-45861EE1F144}.Release|Any CPU.Build.0 = Release|Any CPU
	EndGlobalSection
	GlobalSection(SolutionProperties) = preSolution
		HideSolutionNode = FALSE
	EndGlobalSection
	GlobalSection(ExtensibilityGlobals) = postSolution
		SolutionGuid = {037C6615-E985-4C9D-BF6C-E5D33FA460D6}
	EndGlobalSection
EndGlobal
